
Microsoft Visual Studio Solution File, Format Version 12.00
# Visual Studio Version 17
VisualStudioVersion = 17.8.34330.188
MinimumVisualStudioVersion = 10.0.40219.1
Project("{2150E333-8FDC-42A3-9474-1A3956D46DE8}") = "src", "src", "{E3A6E1A2-B4E7-496D-ACB3-45374EE2CC19}"
EndProject
Project("{2150E333-8FDC-42A3-9474-1A3956D46DE8}") = "api", "api", "{7E5BB785-9F77-41EC-9916-A2EA1F66F169}"
EndProject
Project("{2150E333-8FDC-42A3-9474-1A3956D46DE8}") = "infra", "infra", "{5C6B8705-6D9C-43E0-A6F1-F9CF25B32F76}"
EndProject
Project("{2150E333-8FDC-42A3-9474-1A3956D46DE8}") = "domain", "domain", "{FE63A9AB-4619-43F0-86EA-0951A1F04116}"
EndProject
Project("{2150E333-8FDC-42A3-9474-1A3956D46DE8}") = "application", "application", "{3B311452-E41B-4FC4-93BA-DBCE100A7CDD}"
EndProject
Project("{9A19103F-16F7-4668-BE54-9A1E7A4F7556}") = "domain", "src\domain\domain.csproj", "{0BE5C41B-B96C-42F1-850F-FEA49477D152}"
EndProject
Project("{9A19103F-16F7-4668-BE54-9A1E7A4F7556}") = "infra", "src\infra\infra.csproj", "{E896BD29-F0E1-45BD-AB11-CAA2FDDF1941}"
EndProject
Project("{9A19103F-16F7-4668-BE54-9A1E7A4F7556}") = "application", "src\application\application.csproj", "{C62DAF08-E754-4502-8445-AE7752C4748E}"
EndProject
Project("{9A19103F-16F7-4668-BE54-9A1E7A4F7556}") = "api", "src\api\api.csproj", "{A4CF3056-764A-46A9-AC79-3E5F6D595A42}"
EndProject
Global
	GlobalSection(SolutionConfigurationPlatforms) = preSolution
		Debug|Any CPU = Debug|Any CPU
		Release|Any CPU = Release|Any CPU
	EndGlobalSection
	GlobalSection(ProjectConfigurationPlatforms) = postSolution
		{0BE5C41B-B96C-42F1-850F-FEA49477D152}.Debug|Any CPU.ActiveCfg = Debug|Any CPU
		{0BE5C41B-B96C-42F1-850F-FEA49477D152}.Debug|Any CPU.Build.0 = Debug|Any CPU
		{0BE5C41B-B96C-42F1-850F-FEA49477D152}.Release|Any CPU.ActiveCfg = Release|Any CPU
		{0BE5C41B-B96C-42F1-850F-FEA49477D152}.Release|Any CPU.Build.0 = Release|Any CPU
		{E896BD29-F0E1-45BD-AB11-CAA2FDDF1941}.Debug|Any CPU.ActiveCfg = Debug|Any CPU
		{E896BD29-F0E1-45BD-AB11-CAA2FDDF1941}.Debug|Any CPU.Build.0 = Debug|Any CPU
		{E896BD29-F0E1-45BD-AB11-CAA2FDDF1941}.Release|Any CPU.ActiveCfg = Release|Any CPU
		{E896BD29-F0E1-45BD-AB11-CAA2FDDF1941}.Release|Any CPU.Build.0 = Release|Any CPU
		{C62DAF08-E754-4502-8445-AE7752C4748E}.Debug|Any CPU.ActiveCfg = Debug|Any CPU
		{C62DAF08-E754-4502-8445-AE7752C4748E}.Debug|Any CPU.Build.0 = Debug|Any CPU
		{C62DAF08-E754-4502-8445-AE7752C4748E}.Release|Any CPU.ActiveCfg = Release|Any CPU
		{C62DAF08-E754-4502-8445-AE7752C4748E}.Release|Any CPU.Build.0 = Release|Any CPU
		{A4CF3056-764A-46A9-AC79-3E5F6D595A42}.Debug|Any CPU.ActiveCfg = Debug|Any CPU
		{A4CF3056-764A-46A9-AC79-3E5F6D595A42}.Debug|Any CPU.Build.0 = Debug|Any CPU
		{A4CF3056-764A-46A9-AC79-3E5F6D595A42}.Release|Any CPU.ActiveCfg = Release|Any CPU
		{A4CF3056-764A-46A9-AC79-3E5F6D595A42}.Release|Any CPU.Build.0 = Release|Any CPU
	EndGlobalSection
	GlobalSection(SolutionProperties) = preSolution
		HideSolutionNode = FALSE
	EndGlobalSection
	GlobalSection(NestedProjects) = preSolution
		{7E5BB785-9F77-41EC-9916-A2EA1F66F169} = {E3A6E1A2-B4E7-496D-ACB3-45374EE2CC19}
		{5C6B8705-6D9C-43E0-A6F1-F9CF25B32F76} = {E3A6E1A2-B4E7-496D-ACB3-45374EE2CC19}
		{FE63A9AB-4619-43F0-86EA-0951A1F04116} = {E3A6E1A2-B4E7-496D-ACB3-45374EE2CC19}
		{3B311452-E41B-4FC4-93BA-DBCE100A7CDD} = {E3A6E1A2-B4E7-496D-ACB3-45374EE2CC19}
		{0BE5C41B-B96C-42F1-850F-FEA49477D152} = {FE63A9AB-4619-43F0-86EA-0951A1F04116}
		{E896BD29-F0E1-45BD-AB11-CAA2FDDF1941} = {5C6B8705-6D9C-43E0-A6F1-F9CF25B32F76}
		{C62DAF08-E754-4502-8445-AE7752C4748E} = {3B311452-E41B-4FC4-93BA-DBCE100A7CDD}
		{A4CF3056-764A-46A9-AC79-3E5F6D595A42} = {7E5BB785-9F77-41EC-9916-A2EA1F66F169}
	EndGlobalSection
	GlobalSection(ExtensibilityGlobals) = postSolution
		SolutionGuid = {FD8FD98C-029C-470E-99DF-9B3C6D8EFD7F}
	EndGlobalSection
EndGlobal
